
Microsoft Visual Studio Solution File, Format Version 12.00
# Visual Studio Version 17
VisualStudioVersion = 17.6.33829.357
MinimumVisualStudioVersion = 10.0.40219.1
Project("{9A19103F-16F7-4668-BE54-9A1E7A4F7556}") = "WebApi1", "WebApi1\WebApi1.csproj", "{08BBB6B9-3AE4-455B-B5FC-065A657E010D}"
EndProject
Project("{9A19103F-16F7-4668-BE54-9A1E7A4F7556}") = "hello_world_clı", "hello_world_clı\hello_world_clı.csproj", "{BE14820A-B78A-4521-B7C9-36AA86C47E7C}"
EndProject
Global
	GlobalSection(SolutionConfigurationPlatforms) = preSolution
		Debug|Any CPU = Debug|Any CPU
		Release|Any CPU = Release|Any CPU
	EndGlobalSection
	GlobalSection(ProjectConfigurationPlatforms) = postSolution
		{08BBB6B9-3AE4-455B-B5FC-065A657E010D}.Debug|Any CPU.ActiveCfg = Debug|Any CPU
		{08BBB6B9-3AE4-455B-B5FC-065A657E010D}.Debug|Any CPU.Build.0 = Debug|Any CPU
		{08BBB6B9-3AE4-455B-B5FC-065A657E010D}.Release|Any CPU.ActiveCfg = Release|Any CPU
		{08BBB6B9-3AE4-455B-B5FC-065A657E010D}.Release|Any CPU.Build.0 = Release|Any CPU
		{BE14820A-B78A-4521-B7C9-36AA86C47E7C}.Debug|Any CPU.ActiveCfg = Debug|Any CPU
		{BE14820A-B78A-4521-B7C9-36AA86C47E7C}.Debug|Any CPU.Build.0 = Debug|Any CPU
		{BE14820A-B78A-4521-B7C9-36AA86C47E7C}.Release|Any CPU.ActiveCfg = Release|Any CPU
		{BE14820A-B78A-4521-B7C9-36AA86C47E7C}.Release|Any CPU.Build.0 = Release|Any CPU
	EndGlobalSection
	GlobalSection(SolutionProperties) = preSolution
		HideSolutionNode = FALSE
	EndGlobalSection
	GlobalSection(ExtensibilityGlobals) = postSolution
		SolutionGuid = {6873E2EF-E200-4B53-9D99-533A91E3AE77}
	EndGlobalSection
EndGlobal
